
Microsoft Visual Studio Solution File, Format Version 12.00
# Visual Studio Version 17
VisualStudioVersion = 17.7.34221.43
MinimumVisualStudioVersion = 10.0.40219.1
Project("{FAE04EC0-301F-11D3-BF4B-00C04F79EFBC}") = "SparkGap", "SparkGap\SparkGap.csproj", "{49415812-4AEB-44F9-AFB2-9EF0C4F9EE2F}"
EndProject
Global
	GlobalSection(SolutionConfigurationPlatforms) = preSolution
		Debug|Any CPU = Debug|Any CPU
		Release|Any CPU = Release|Any CPU
	EndGlobalSection
	GlobalSection(ProjectConfigurationPlatforms) = postSolution
		{49415812-4AEB-44F9-AFB2-9EF0C4F9EE2F}.Debug|Any CPU.ActiveCfg = Debug|Any CPU
		{49415812-4AEB-44F9-AFB2-9EF0C4F9EE2F}.Debug|Any CPU.Build.0 = Debug|Any CPU
		{49415812-4AEB-44F9-AFB2-9EF0C4F9EE2F}.Release|Any CPU.ActiveCfg = Release|Any CPU
		{49415812-4AEB-44F9-AFB2-9EF0C4F9EE2F}.Release|Any CPU.Build.0 = Release|Any CPU
	EndGlobalSection
	GlobalSection(SolutionProperties) = preSolution
		HideSolutionNode = FALSE
	EndGlobalSection
	GlobalSection(ExtensibilityGlobals) = postSolution
		SolutionGuid = {306B241F-9478-4F55-B2ED-EB972465947E}
	EndGlobalSection
EndGlobal
